
Microsoft Visual Studio Solution File, Format Version 12.00
# Visual Studio Version 17
VisualStudioVersion = 17.7.34221.43
MinimumVisualStudioVersion = 10.0.40219.1
Project("{FAE04EC0-301F-11D3-BF4B-00C04F79EFBC}") = "MusicStreaming.Domain", "MusicStreaming.Domain\MusicStreaming.Domain.csproj", "{74BFEB28-AB58-41A2-A333-90C6AFEAA893}"
EndProject
Project("{FAE04EC0-301F-11D3-BF4B-00C04F79EFBC}") = "MusicStreaming.Core", "MusicStreaming.Core\MusicStreaming.Core.csproj", "{290F573A-2E04-40D5-BCF4-5C2271E2E690}"
EndProject
Project("{FAE04EC0-301F-11D3-BF4B-00C04F79EFBC}") = "MusicStreaming.Tests", "MusicStreaming.Tests\MusicStreaming.Tests.csproj", "{C6398AD2-3DD1-4C6A-AE9B-FBD94762C4D9}"
EndProject
Project("{FAE04EC0-301F-11D3-BF4B-00C04F79EFBC}") = "MusicStreaming.Application", "MusicStreaming.Application\MusicStreaming.Application.csproj", "{5FAC7114-9A46-4B7A-A9E3-498E57821FF6}"
EndProject
Project("{FAE04EC0-301F-11D3-BF4B-00C04F79EFBC}") = "MusicStreaming.Repository", "MusicStreaming.Repository\MusicStreaming.Repository.csproj", "{ADC9C21A-D211-4C8E-8D34-ED7C4A4CF55B}"
EndProject
Global
	GlobalSection(SolutionConfigurationPlatforms) = preSolution
		Debug|Any CPU = Debug|Any CPU
		Release|Any CPU = Release|Any CPU
	EndGlobalSection
	GlobalSection(ProjectConfigurationPlatforms) = postSolution
		{74BFEB28-AB58-41A2-A333-90C6AFEAA893}.Debug|Any CPU.ActiveCfg = Debug|Any CPU
		{74BFEB28-AB58-41A2-A333-90C6AFEAA893}.Debug|Any CPU.Build.0 = Debug|Any CPU
		{74BFEB28-AB58-41A2-A333-90C6AFEAA893}.Release|Any CPU.ActiveCfg = Release|Any CPU
		{74BFEB28-AB58-41A2-A333-90C6AFEAA893}.Release|Any CPU.Build.0 = Release|Any CPU
		{290F573A-2E04-40D5-BCF4-5C2271E2E690}.Debug|Any CPU.ActiveCfg = Debug|Any CPU
		{290F573A-2E04-40D5-BCF4-5C2271E2E690}.Debug|Any CPU.Build.0 = Debug|Any CPU
		{290F573A-2E04-40D5-BCF4-5C2271E2E690}.Release|Any CPU.ActiveCfg = Release|Any CPU
		{290F573A-2E04-40D5-BCF4-5C2271E2E690}.Release|Any CPU.Build.0 = Release|Any CPU
		{C6398AD2-3DD1-4C6A-AE9B-FBD94762C4D9}.Debug|Any CPU.ActiveCfg = Debug|Any CPU
		{C6398AD2-3DD1-4C6A-AE9B-FBD94762C4D9}.Debug|Any CPU.Build.0 = Debug|Any CPU
		{C6398AD2-3DD1-4C6A-AE9B-FBD94762C4D9}.Release|Any CPU.ActiveCfg = Release|Any CPU
		{C6398AD2-3DD1-4C6A-AE9B-FBD94762C4D9}.Release|Any CPU.Build.0 = Release|Any CPU
		{5FAC7114-9A46-4B7A-A9E3-498E57821FF6}.Debug|Any CPU.ActiveCfg = Debug|Any CPU
		{5FAC7114-9A46-4B7A-A9E3-498E57821FF6}.Debug|Any CPU.Build.0 = Debug|Any CPU
		{5FAC7114-9A46-4B7A-A9E3-498E57821FF6}.Release|Any CPU.ActiveCfg = Release|Any CPU
		{5FAC7114-9A46-4B7A-A9E3-498E57821FF6}.Release|Any CPU.Build.0 = Release|Any CPU
		{ADC9C21A-D211-4C8E-8D34-ED7C4A4CF55B}.Debug|Any CPU.ActiveCfg = Debug|Any CPU
		{ADC9C21A-D211-4C8E-8D34-ED7C4A4CF55B}.Debug|Any CPU.Build.0 = Debug|Any CPU
		{ADC9C21A-D211-4C8E-8D34-ED7C4A4CF55B}.Release|Any CPU.ActiveCfg = Release|Any CPU
		{ADC9C21A-D211-4C8E-8D34-ED7C4A4CF55B}.Release|Any CPU.Build.0 = Release|Any CPU
	EndGlobalSection
	GlobalSection(SolutionProperties) = preSolution
		HideSolutionNode = FALSE
	EndGlobalSection
	GlobalSection(ExtensibilityGlobals) = postSolution
		SolutionGuid = {9C7A5C55-1308-440F-9F74-16D2F92C0251}
	EndGlobalSection
EndGlobal
