
Microsoft Visual Studio Solution File, Format Version 12.00
# Visual Studio Version 17
VisualStudioVersion = 17.7.34221.43
MinimumVisualStudioVersion = 10.0.40219.1
Project("{FAE04EC0-301F-11D3-BF4B-00C04F79EFBC}") = "MusicStreaming.Streaming.Application", "MusicStreaming.Streaming.Application\MusicStreaming.Streaming.Application.csproj", "{FAA1A2C2-EA36-4817-BA47-77F47168D648}"
EndProject
Project("{FAE04EC0-301F-11D3-BF4B-00C04F79EFBC}") = "MusicStreaming.Streaming.Repository", "MusicStreaming.Streaming.Repository\MusicStreaming.Streaming.Repository.csproj", "{7EDA95E7-019F-4A9C-8A86-F051A9536249}"
EndProject
Project("{FAE04EC0-301F-11D3-BF4B-00C04F79EFBC}") = "MusicStreaming.Core", "MusicStreaming.Streaming.Core\MusicStreaming.Core.csproj", "{42AD6715-F136-4D04-B0DD-EA552F9CB555}"
EndProject
Project("{FAE04EC0-301F-11D3-BF4B-00C04F79EFBC}") = "MusicStreaming.Streaming.API", "MusicStreaming.Streaming.API\MusicStreaming.Streaming.API.csproj", "{6734AE37-8B7B-4EAE-9EEC-6A4D85518DD5}"
EndProject
Project("{FAE04EC0-301F-11D3-BF4B-00C04F79EFBC}") = "MusicStreaming.Streaming.Domain", "MusicStreaming.Streaming.Domain\MusicStreaming.Streaming.Domain.csproj", "{D8F2220B-07B9-41C8-BD31-07A47CBE068E}"
EndProject
Global
	GlobalSection(SolutionConfigurationPlatforms) = preSolution
		Debug|Any CPU = Debug|Any CPU
		Release|Any CPU = Release|Any CPU
	EndGlobalSection
	GlobalSection(ProjectConfigurationPlatforms) = postSolution
		{FAA1A2C2-EA36-4817-BA47-77F47168D648}.Debug|Any CPU.ActiveCfg = Debug|Any CPU
		{FAA1A2C2-EA36-4817-BA47-77F47168D648}.Debug|Any CPU.Build.0 = Debug|Any CPU
		{FAA1A2C2-EA36-4817-BA47-77F47168D648}.Release|Any CPU.ActiveCfg = Release|Any CPU
		{FAA1A2C2-EA36-4817-BA47-77F47168D648}.Release|Any CPU.Build.0 = Release|Any CPU
		{7EDA95E7-019F-4A9C-8A86-F051A9536249}.Debug|Any CPU.ActiveCfg = Debug|Any CPU
		{7EDA95E7-019F-4A9C-8A86-F051A9536249}.Debug|Any CPU.Build.0 = Debug|Any CPU
		{7EDA95E7-019F-4A9C-8A86-F051A9536249}.Release|Any CPU.ActiveCfg = Release|Any CPU
		{7EDA95E7-019F-4A9C-8A86-F051A9536249}.Release|Any CPU.Build.0 = Release|Any CPU
		{42AD6715-F136-4D04-B0DD-EA552F9CB555}.Debug|Any CPU.ActiveCfg = Debug|Any CPU
		{42AD6715-F136-4D04-B0DD-EA552F9CB555}.Debug|Any CPU.Build.0 = Debug|Any CPU
		{42AD6715-F136-4D04-B0DD-EA552F9CB555}.Release|Any CPU.ActiveCfg = Release|Any CPU
		{42AD6715-F136-4D04-B0DD-EA552F9CB555}.Release|Any CPU.Build.0 = Release|Any CPU
		{6734AE37-8B7B-4EAE-9EEC-6A4D85518DD5}.Debug|Any CPU.ActiveCfg = Debug|Any CPU
		{6734AE37-8B7B-4EAE-9EEC-6A4D85518DD5}.Debug|Any CPU.Build.0 = Debug|Any CPU
		{6734AE37-8B7B-4EAE-9EEC-6A4D85518DD5}.Release|Any CPU.ActiveCfg = Release|Any CPU
		{6734AE37-8B7B-4EAE-9EEC-6A4D85518DD5}.Release|Any CPU.Build.0 = Release|Any CPU
		{D8F2220B-07B9-41C8-BD31-07A47CBE068E}.Debug|Any CPU.ActiveCfg = Debug|Any CPU
		{D8F2220B-07B9-41C8-BD31-07A47CBE068E}.Debug|Any CPU.Build.0 = Debug|Any CPU
		{D8F2220B-07B9-41C8-BD31-07A47CBE068E}.Release|Any CPU.ActiveCfg = Release|Any CPU
		{D8F2220B-07B9-41C8-BD31-07A47CBE068E}.Release|Any CPU.Build.0 = Release|Any CPU
	EndGlobalSection
	GlobalSection(SolutionProperties) = preSolution
		HideSolutionNode = FALSE
	EndGlobalSection
	GlobalSection(ExtensibilityGlobals) = postSolution
		SolutionGuid = {3850C5EC-7FEE-452D-8DA9-D4772B4AE08D}
	EndGlobalSection
EndGlobal
